
Microsoft Visual Studio Solution File, Format Version 12.00
# Visual Studio Version 16
VisualStudioVersion = 16.0.30804.86
MinimumVisualStudioVersion = 10.0.40219.1
Project("{9A19103F-16F7-4668-BE54-9A1E7A4F7556}") = "7", "7.csproj", "{EE0E40B6-B834-4D83-AEBB-B5715EB98A3B}"
EndProject
Global
	GlobalSection(SolutionConfigurationPlatforms) = preSolution
		Debug|Any CPU = Debug|Any CPU
		Release|Any CPU = Release|Any CPU
	EndGlobalSection
	GlobalSection(ProjectConfigurationPlatforms) = postSolution
		{EE0E40B6-B834-4D83-AEBB-B5715EB98A3B}.Debug|Any CPU.ActiveCfg = Debug|Any CPU
		{EE0E40B6-B834-4D83-AEBB-B5715EB98A3B}.Debug|Any CPU.Build.0 = Debug|Any CPU
		{EE0E40B6-B834-4D83-AEBB-B5715EB98A3B}.Release|Any CPU.ActiveCfg = Release|Any CPU
		{EE0E40B6-B834-4D83-AEBB-B5715EB98A3B}.Release|Any CPU.Build.0 = Release|Any CPU
	EndGlobalSection
	GlobalSection(SolutionProperties) = preSolution
		HideSolutionNode = FALSE
	EndGlobalSection
	GlobalSection(ExtensibilityGlobals) = postSolution
		SolutionGuid = {7F34CE07-A7FD-4BE4-9153-591790466415}
	EndGlobalSection
EndGlobal
